
Microsoft Visual Studio Solution File, Format Version 12.00
# Visual Studio Version 17
VisualStudioVersion = 17.8.34511.84
MinimumVisualStudioVersion = 10.0.40219.1
Project("{FAE04EC0-301F-11D3-BF4B-00C04F79EFBC}") = "wEEK8EpicGame", "wEEK8EpicGame\wEEK8EpicGame.csproj", "{807F829E-B009-4294-9533-56F738DCB460}"
EndProject
Global
	GlobalSection(SolutionConfigurationPlatforms) = preSolution
		Debug|Any CPU = Debug|Any CPU
		Release|Any CPU = Release|Any CPU
	EndGlobalSection
	GlobalSection(ProjectConfigurationPlatforms) = postSolution
		{807F829E-B009-4294-9533-56F738DCB460}.Debug|Any CPU.ActiveCfg = Debug|Any CPU
		{807F829E-B009-4294-9533-56F738DCB460}.Debug|Any CPU.Build.0 = Debug|Any CPU
		{807F829E-B009-4294-9533-56F738DCB460}.Release|Any CPU.ActiveCfg = Release|Any CPU
		{807F829E-B009-4294-9533-56F738DCB460}.Release|Any CPU.Build.0 = Release|Any CPU
	EndGlobalSection
	GlobalSection(SolutionProperties) = preSolution
		HideSolutionNode = FALSE
	EndGlobalSection
	GlobalSection(ExtensibilityGlobals) = postSolution
		SolutionGuid = {0FC8EF2F-D757-4E7F-9504-870F65374F3F}
	EndGlobalSection
EndGlobal
